
Microsoft Visual Studio Solution File, Format Version 12.00
# Visual Studio Version 16
VisualStudioVersion = 16.0.31229.75
MinimumVisualStudioVersion = 10.0.40219.1
Project("{FAE04EC0-301F-11D3-BF4B-00C04F79EFBC}") = "Discord Tokens Checker", "Discord Tokens Checker\Discord Tokens Checker.csproj", "{56C97697-9083-4D38-8315-B5A01CDCC28C}"
EndProject
Global
	GlobalSection(SolutionConfigurationPlatforms) = preSolution
		Debug|Any CPU = Debug|Any CPU
		Release|Any CPU = Release|Any CPU
	EndGlobalSection
	GlobalSection(ProjectConfigurationPlatforms) = postSolution
		{56C97697-9083-4D38-8315-B5A01CDCC28C}.Debug|Any CPU.ActiveCfg = Debug|Any CPU
		{56C97697-9083-4D38-8315-B5A01CDCC28C}.Debug|Any CPU.Build.0 = Debug|Any CPU
		{56C97697-9083-4D38-8315-B5A01CDCC28C}.Release|Any CPU.ActiveCfg = Release|Any CPU
		{56C97697-9083-4D38-8315-B5A01CDCC28C}.Release|Any CPU.Build.0 = Release|Any CPU
	EndGlobalSection
	GlobalSection(SolutionProperties) = preSolution
		HideSolutionNode = FALSE
	EndGlobalSection
	GlobalSection(ExtensibilityGlobals) = postSolution
		SolutionGuid = {E5684B5B-5F22-419A-968B-1D164127F294}
	EndGlobalSection
EndGlobal
